
Microsoft Visual Studio Solution File, Format Version 12.00
# Visual Studio 15
VisualStudioVersion = 15.0.28307.705
MinimumVisualStudioVersion = 10.0.40219.1
Project("{FAE04EC0-301F-11D3-BF4B-00C04F79EFBC}") = "Chrono", "Chrono\Chrono.csproj", "{BE347F0D-DDC3-4AFB-975F-A62A30CCD515}"
EndProject
Project("{FAE04EC0-301F-11D3-BF4B-00C04F79EFBC}") = "DemoCompteARebours", "DemoCompteARebours\DemoCompteARebours.csproj", "{88AE872A-0CD8-43F0-BB2C-702924258FDB}"
EndProject
Global
	GlobalSection(SolutionConfigurationPlatforms) = preSolution
		Debug|Any CPU = Debug|Any CPU
		Release|Any CPU = Release|Any CPU
	EndGlobalSection
	GlobalSection(ProjectConfigurationPlatforms) = postSolution
		{BE347F0D-DDC3-4AFB-975F-A62A30CCD515}.Debug|Any CPU.ActiveCfg = Debug|Any CPU
		{BE347F0D-DDC3-4AFB-975F-A62A30CCD515}.Debug|Any CPU.Build.0 = Debug|Any CPU
		{BE347F0D-DDC3-4AFB-975F-A62A30CCD515}.Release|Any CPU.ActiveCfg = Release|Any CPU
		{BE347F0D-DDC3-4AFB-975F-A62A30CCD515}.Release|Any CPU.Build.0 = Release|Any CPU
		{88AE872A-0CD8-43F0-BB2C-702924258FDB}.Debug|Any CPU.ActiveCfg = Debug|Any CPU
		{88AE872A-0CD8-43F0-BB2C-702924258FDB}.Debug|Any CPU.Build.0 = Debug|Any CPU
		{88AE872A-0CD8-43F0-BB2C-702924258FDB}.Release|Any CPU.ActiveCfg = Release|Any CPU
		{88AE872A-0CD8-43F0-BB2C-702924258FDB}.Release|Any CPU.Build.0 = Release|Any CPU
	EndGlobalSection
	GlobalSection(SolutionProperties) = preSolution
		HideSolutionNode = FALSE
	EndGlobalSection
	GlobalSection(ExtensibilityGlobals) = postSolution
		SolutionGuid = {B460C946-991E-4095-9528-CFEABB25CA45}
	EndGlobalSection
EndGlobal
